#
# This file is autogenerated by pip-compile with Python 3.14
# by the following command:
#
#    pip-compile --output-file=requirements.lock --strip-extras pyproject.toml
#
agent-framework-core==1.14.0
    # via
    #   agent-framework-foundry
    #   agent-framework-openai
agent-framework-foundry==1.11.0
    # via foundry-document-parser (pyproject.toml)
agent-framework-openai==1.13.0
    # via agent-framework-foundry
aiohappyeyeballs==2.7.1
    # via aiohttp
aiohttp==3.14.3
    # via
    #   agent-framework-foundry
    #   azure-ai-agentserver-core
    #   azure-ai-agentserver-responses
    #   microsoft-opentelemetry
aiosignal==1.4.0
    # via aiohttp
annotated-types==0.8.0
    # via pydantic
anyio==4.14.2
    # via
    #   httpx
    #   openai
    #   starlette
asgiref==3.12.1
    # via opentelemetry-instrumentation-asgi
attrs==26.1.0
    # via aiohttp
azure-ai-agentserver-core==2.1.0b2
    # via azure-ai-agentserver-responses
azure-ai-agentserver-responses==2.0.0b0
    # via foundry-document-parser (pyproject.toml)
azure-ai-documentintelligence==1.0.2
    # via foundry-document-parser (pyproject.toml)
azure-ai-inference==1.0.0b9
    # via agent-framework-foundry
azure-ai-projects==2.3.0
    # via agent-framework-foundry
azure-core==1.41.0
    # via
    #   azure-ai-agentserver-core
    #   azure-ai-agentserver-responses
    #   azure-ai-documentintelligence
    #   azure-ai-inference
    #   azure-ai-projects
    #   azure-core-tracing-opentelemetry
    #   azure-identity
    #   azure-monitor-opentelemetry-exporter
    #   azure-storage-blob
    #   microsoft-opentelemetry
    #   msrest
azure-core-tracing-opentelemetry==1.0.0b13
    # via microsoft-opentelemetry
azure-identity==1.25.3
    # via
    #   azure-ai-agentserver-core
    #   azure-ai-projects
    #   azure-monitor-opentelemetry-exporter
    #   foundry-document-parser (pyproject.toml)
azure-monitor-opentelemetry-exporter==1.0.0b56
    # via microsoft-opentelemetry
azure-storage-blob==12.30.0
    # via azure-ai-projects
beautifulsoup4==4.15.0
    # via extract-msg
certifi==2026.7.22
    # via
    #   httpcore
    #   httpx
    #   msrest
    #   requests
cffi==2.1.1
    # via cryptography
charset-normalizer==3.5.0
    # via requests
colorama==0.4.6
    # via tqdm
colorclass==2.2.2
    # via oletools
compressed-rtf==1.0.7
    # via extract-msg
cryptography==50.0.0
    # via
    #   azure-identity
    #   azure-storage-blob
    #   msal
    #   msoffcrypto-tool
    #   pyjwt
distro==1.9.0
    # via openai
easygui==0.98.3
    # via oletools
ebcdic==2.0.1
    # via extract-msg
et-xmlfile==2.0.0
    # via openpyxl
extract-msg==0.56.1
    # via foundry-document-parser (pyproject.toml)
frozenlist==1.8.0
    # via
    #   aiohttp
    #   aiosignal
googleapis-common-protos==1.75.1
    # via opentelemetry-exporter-otlp-proto-http
h11==0.16.0
    # via
    #   httpcore
    #   hypercorn
    #   wsproto
h2==4.4.1
    # via hypercorn
hpack==4.2.0
    # via h2
httpcore==1.0.9
    # via httpx
httpx==0.28.1
    # via openai
hypercorn==0.18.0
    # via azure-ai-agentserver-core
hyperframe==6.1.0
    # via h2
idna==3.18
    # via
    #   anyio
    #   httpx
    #   requests
    #   yarl
isodate==0.7.2
    # via
    #   azure-ai-agentserver-core
    #   azure-ai-agentserver-responses
    #   azure-ai-documentintelligence
    #   azure-ai-inference
    #   azure-ai-projects
    #   azure-storage-blob
    #   msrest
jiter==0.16.0
    # via openai
lark==1.3.1
    # via rtfde
lxml==6.1.1
    # via python-docx
microsoft-opentelemetry==1.3.8
    # via azure-ai-agentserver-core
msal==1.37.0
    # via
    #   azure-identity
    #   msal-extensions
msal-extensions==1.3.1
    # via azure-identity
msgspec==0.21.1
    # via agent-framework-core
msoffcrypto-tool==6.0.0
    # via oletools
msrest==0.7.1
    # via azure-monitor-opentelemetry-exporter
multidict==6.7.1
    # via
    #   aiohttp
    #   yarl
oauthlib==3.3.1
    # via requests-oauthlib
olefile==0.47
    # via
    #   extract-msg
    #   msoffcrypto-tool
    #   oletools
oletools==0.60.2
    # via
    #   pcodedmp
    #   rtfde
openai==2.54.0
    # via
    #   agent-framework-openai
    #   azure-ai-projects
openpyxl==3.1.5
    # via foundry-document-parser (pyproject.toml)
opentelemetry-api==1.43.0
    # via
    #   agent-framework-core
    #   azure-ai-agentserver-core
    #   azure-core-tracing-opentelemetry
    #   azure-monitor-opentelemetry-exporter
    #   microsoft-opentelemetry
    #   opentelemetry-exporter-otlp-proto-http
    #   opentelemetry-instrumentation
    #   opentelemetry-instrumentation-asgi
    #   opentelemetry-instrumentation-dbapi
    #   opentelemetry-instrumentation-django
    #   opentelemetry-instrumentation-fastapi
    #   opentelemetry-instrumentation-flask
    #   opentelemetry-instrumentation-httpx
    #   opentelemetry-instrumentation-logging
    #   opentelemetry-instrumentation-openai-agents-v2
    #   opentelemetry-instrumentation-openai-v2
    #   opentelemetry-instrumentation-psycopg2
    #   opentelemetry-instrumentation-requests
    #   opentelemetry-instrumentation-urllib
    #   opentelemetry-instrumentation-urllib3
    #   opentelemetry-instrumentation-wsgi
    #   opentelemetry-sdk
    #   opentelemetry-semantic-conventions
    #   opentelemetry-util-genai
opentelemetry-exporter-otlp-proto-common==1.43.0
    # via opentelemetry-exporter-otlp-proto-http
opentelemetry-exporter-otlp-proto-http==1.43.0
    # via microsoft-opentelemetry
opentelemetry-instrumentation==0.64b0
    # via
    #   microsoft-opentelemetry
    #   opentelemetry-instrumentation-asgi
    #   opentelemetry-instrumentation-dbapi
    #   opentelemetry-instrumentation-django
    #   opentelemetry-instrumentation-fastapi
    #   opentelemetry-instrumentation-flask
    #   opentelemetry-instrumentation-httpx
    #   opentelemetry-instrumentation-logging
    #   opentelemetry-instrumentation-openai-agents-v2
    #   opentelemetry-instrumentation-openai-v2
    #   opentelemetry-instrumentation-psycopg2
    #   opentelemetry-instrumentation-requests
    #   opentelemetry-instrumentation-urllib
    #   opentelemetry-instrumentation-urllib3
    #   opentelemetry-instrumentation-wsgi
    #   opentelemetry-util-genai
opentelemetry-instrumentation-asgi==0.64b0
    # via opentelemetry-instrumentation-fastapi
opentelemetry-instrumentation-dbapi==0.64b0
    # via opentelemetry-instrumentation-psycopg2
opentelemetry-instrumentation-django==0.64b0
    # via microsoft-opentelemetry
opentelemetry-instrumentation-fastapi==0.64b0
    # via microsoft-opentelemetry
opentelemetry-instrumentation-flask==0.64b0
    # via microsoft-opentelemetry
opentelemetry-instrumentation-httpx==0.64b0
    # via microsoft-opentelemetry
opentelemetry-instrumentation-logging==0.64b0
    # via microsoft-opentelemetry
opentelemetry-instrumentation-openai-agents-v2==0.1.0
    # via microsoft-opentelemetry
opentelemetry-instrumentation-openai-v2==2.3b0
    # via microsoft-opentelemetry
opentelemetry-instrumentation-psycopg2==0.64b0
    # via microsoft-opentelemetry
opentelemetry-instrumentation-requests==0.64b0
    # via microsoft-opentelemetry
opentelemetry-instrumentation-urllib==0.64b0
    # via microsoft-opentelemetry
opentelemetry-instrumentation-urllib3==0.64b0
    # via microsoft-opentelemetry
opentelemetry-instrumentation-wsgi==0.64b0
    # via
    #   opentelemetry-instrumentation-django
    #   opentelemetry-instrumentation-flask
opentelemetry-proto==1.43.0
    # via
    #   opentelemetry-exporter-otlp-proto-common
    #   opentelemetry-exporter-otlp-proto-http
opentelemetry-resource-detector-azure==0.1.5
    # via microsoft-opentelemetry
opentelemetry-sdk==1.43.0
    # via
    #   azure-ai-agentserver-core
    #   azure-monitor-opentelemetry-exporter
    #   microsoft-opentelemetry
    #   opentelemetry-exporter-otlp-proto-http
    #   opentelemetry-resource-detector-azure
opentelemetry-semantic-conventions==0.64b0
    # via
    #   opentelemetry-instrumentation
    #   opentelemetry-instrumentation-asgi
    #   opentelemetry-instrumentation-dbapi
    #   opentelemetry-instrumentation-django
    #   opentelemetry-instrumentation-fastapi
    #   opentelemetry-instrumentation-flask
    #   opentelemetry-instrumentation-httpx
    #   opentelemetry-instrumentation-logging
    #   opentelemetry-instrumentation-openai-agents-v2
    #   opentelemetry-instrumentation-openai-v2
    #   opentelemetry-instrumentation-requests
    #   opentelemetry-instrumentation-urllib
    #   opentelemetry-instrumentation-urllib3
    #   opentelemetry-instrumentation-wsgi
    #   opentelemetry-sdk
    #   opentelemetry-util-genai
opentelemetry-util-genai==0.3b0
    # via
    #   microsoft-opentelemetry
    #   opentelemetry-instrumentation-openai-agents-v2
opentelemetry-util-http==0.64b0
    # via
    #   opentelemetry-instrumentation-asgi
    #   opentelemetry-instrumentation-django
    #   opentelemetry-instrumentation-fastapi
    #   opentelemetry-instrumentation-flask
    #   opentelemetry-instrumentation-httpx
    #   opentelemetry-instrumentation-requests
    #   opentelemetry-instrumentation-urllib
    #   opentelemetry-instrumentation-urllib3
    #   opentelemetry-instrumentation-wsgi
packaging==26.3
    # via
    #   opentelemetry-instrumentation
    #   opentelemetry-instrumentation-flask
pcodedmp==1.2.6
    # via oletools
priority==2.0.0
    # via hypercorn
propcache==0.5.2
    # via
    #   aiohttp
    #   yarl
protobuf==7.35.1
    # via
    #   googleapis-common-protos
    #   opentelemetry-proto
psutil==7.2.2
    # via azure-monitor-opentelemetry-exporter
pycparser==3.0
    # via cffi
pydantic==2.13.4
    # via
    #   agent-framework-core
    #   foundry-document-parser (pyproject.toml)
    #   openai
pydantic-core==2.46.4
    # via pydantic
pyjwt==2.13.0
    # via
    #   microsoft-opentelemetry
    #   msal
pyparsing==3.3.2
    # via oletools
python-docx==1.2.0
    # via foundry-document-parser (pyproject.toml)
python-dotenv==1.2.2
    # via agent-framework-core
red-black-tree-mod==1.22
    # via extract-msg
requests==2.34.2
    # via
    #   azure-core
    #   microsoft-opentelemetry
    #   msal
    #   msrest
    #   opentelemetry-exporter-otlp-proto-http
    #   requests-oauthlib
requests-oauthlib==2.0.0
    # via msrest
rtfde==0.1.2.2
    # via extract-msg
sniffio==1.3.1
    # via openai
soupsieve==2.9.2
    # via beautifulsoup4
starlette==1.6.0
    # via azure-ai-agentserver-core
tqdm==4.70.0
    # via openai
typing-extensions==4.16.0
    # via
    #   agent-framework-core
    #   azure-ai-documentintelligence
    #   azure-ai-inference
    #   azure-ai-projects
    #   azure-core
    #   azure-identity
    #   azure-storage-blob
    #   beautifulsoup4
    #   openai
    #   opentelemetry-api
    #   opentelemetry-exporter-otlp-proto-http
    #   opentelemetry-sdk
    #   opentelemetry-semantic-conventions
    #   pydantic
    #   pydantic-core
    #   python-docx
    #   typing-inspection
typing-inspection==0.4.4
    # via pydantic
tzdata==2026.3
    # via tzlocal
tzlocal==5.4.4
    # via extract-msg
urllib3==2.7.0
    # via requests
win-unicode-console==0.5
    # via pcodedmp
wrapt==1.17.3
    # via
    #   microsoft-opentelemetry
    #   opentelemetry-instrumentation
    #   opentelemetry-instrumentation-dbapi
    #   opentelemetry-instrumentation-httpx
    #   opentelemetry-instrumentation-urllib3
wsproto==1.3.2
    # via hypercorn
xlrd==2.0.2
    # via foundry-document-parser (pyproject.toml)
yarl==1.24.5
    # via aiohttp
